
Microsoft Visual Studio Solution File, Format Version 12.00
# Visual Studio Version 17
VisualStudioVersion = 17.7.34202.233
MinimumVisualStudioVersion = 10.0.40219.1
Project("{FAE04EC0-301F-11D3-BF4B-00C04F79EFBC}") = "lab2", "lab2.csproj", "{1E030206-6587-49AA-BA99-A3573E538220}"
EndProject
Global
	GlobalSection(SolutionConfigurationPlatforms) = preSolution
		Debug|Any CPU = Debug|Any CPU
		Release|Any CPU = Release|Any CPU
	EndGlobalSection
	GlobalSection(ProjectConfigurationPlatforms) = postSolution
		{1E030206-6587-49AA-BA99-A3573E538220}.Debug|Any CPU.ActiveCfg = Debug|Any CPU
		{1E030206-6587-49AA-BA99-A3573E538220}.Debug|Any CPU.Build.0 = Debug|Any CPU
		{1E030206-6587-49AA-BA99-A3573E538220}.Release|Any CPU.ActiveCfg = Release|Any CPU
		{1E030206-6587-49AA-BA99-A3573E538220}.Release|Any CPU.Build.0 = Release|Any CPU
	EndGlobalSection
	GlobalSection(SolutionProperties) = preSolution
		HideSolutionNode = FALSE
	EndGlobalSection
	GlobalSection(ExtensibilityGlobals) = postSolution
		SolutionGuid = {4260A3CE-B6FC-4A85-ABF6-C6C3EF830937}
	EndGlobalSection
EndGlobal
